
Microsoft Visual Studio Solution File, Format Version 12.00
# Visual Studio Version 16
VisualStudioVersion = 16.0.31729.503
MinimumVisualStudioVersion = 10.0.40219.1
Project("{FAE04EC0-301F-11D3-BF4B-00C04F79EFBC}") = "BlendeaVettori1", "BlendeaVettori1\BlendeaVettori1.csproj", "{EEA58D61-85D8-4DEF-B858-E1967ED2F152}"
EndProject
Global
	GlobalSection(SolutionConfigurationPlatforms) = preSolution
		Debug|Any CPU = Debug|Any CPU
		Release|Any CPU = Release|Any CPU
	EndGlobalSection
	GlobalSection(ProjectConfigurationPlatforms) = postSolution
		{EEA58D61-85D8-4DEF-B858-E1967ED2F152}.Debug|Any CPU.ActiveCfg = Debug|Any CPU
		{EEA58D61-85D8-4DEF-B858-E1967ED2F152}.Debug|Any CPU.Build.0 = Debug|Any CPU
		{EEA58D61-85D8-4DEF-B858-E1967ED2F152}.Release|Any CPU.ActiveCfg = Release|Any CPU
		{EEA58D61-85D8-4DEF-B858-E1967ED2F152}.Release|Any CPU.Build.0 = Release|Any CPU
	EndGlobalSection
	GlobalSection(SolutionProperties) = preSolution
		HideSolutionNode = FALSE
	EndGlobalSection
	GlobalSection(ExtensibilityGlobals) = postSolution
		SolutionGuid = {D71BE82D-E298-480E-BA98-859AC6A0F4AD}
	EndGlobalSection
EndGlobal
